
Microsoft Visual Studio Solution File, Format Version 12.00
# Visual Studio 15
VisualStudioVersion = 15.0.27703.2035
MinimumVisualStudioVersion = 10.0.40219.1
Project("{9A19103F-16F7-4668-BE54-9A1E7A4F7556}") = "TruVoyageMVCLayer", "TruVoyageMVCLayer\TruVoyageMVCLayer.csproj", "{8FF3F10D-9237-49B7-B578-6226F532B25F}"
EndProject
Project("{FAE04EC0-301F-11D3-BF4B-00C04F79EFBC}") = "TruVoyageDataAccessLayer", "TruVoyageDataAccessLayer\TruVoyageDataAccessLayer.csproj", "{A764A681-FA9A-4BF1-874D-F5E274863FDA}"
EndProject
Project("{FAE04EC0-301F-11D3-BF4B-00C04F79EFBC}") = "TruVoyageDataOjectLayer", "TruVoyageDataOjectLayer\TruVoyageDataOjectLayer.csproj", "{4D779452-F5CA-4962-B56F-D720A96FFE3F}"
EndProject
Project("{FAE04EC0-301F-11D3-BF4B-00C04F79EFBC}") = "TruVoyageLogicLayer", "TruVoyageLogicLayer\TruVoyageLogicLayer.csproj", "{21B4C0CB-EAC4-4ECF-AA05-04AE7965AE59}"
EndProject
Global
	GlobalSection(SolutionConfigurationPlatforms) = preSolution
		Debug|Any CPU = Debug|Any CPU
		Release|Any CPU = Release|Any CPU
	EndGlobalSection
	GlobalSection(ProjectConfigurationPlatforms) = postSolution
		{8FF3F10D-9237-49B7-B578-6226F532B25F}.Debug|Any CPU.ActiveCfg = Debug|Any CPU
		{8FF3F10D-9237-49B7-B578-6226F532B25F}.Debug|Any CPU.Build.0 = Debug|Any CPU
		{8FF3F10D-9237-49B7-B578-6226F532B25F}.Release|Any CPU.ActiveCfg = Release|Any CPU
		{8FF3F10D-9237-49B7-B578-6226F532B25F}.Release|Any CPU.Build.0 = Release|Any CPU
		{A764A681-FA9A-4BF1-874D-F5E274863FDA}.Debug|Any CPU.ActiveCfg = Debug|Any CPU
		{A764A681-FA9A-4BF1-874D-F5E274863FDA}.Debug|Any CPU.Build.0 = Debug|Any CPU
		{A764A681-FA9A-4BF1-874D-F5E274863FDA}.Release|Any CPU.ActiveCfg = Release|Any CPU
		{A764A681-FA9A-4BF1-874D-F5E274863FDA}.Release|Any CPU.Build.0 = Release|Any CPU
		{4D779452-F5CA-4962-B56F-D720A96FFE3F}.Debug|Any CPU.ActiveCfg = Debug|Any CPU
		{4D779452-F5CA-4962-B56F-D720A96FFE3F}.Debug|Any CPU.Build.0 = Debug|Any CPU
		{4D779452-F5CA-4962-B56F-D720A96FFE3F}.Release|Any CPU.ActiveCfg = Release|Any CPU
		{4D779452-F5CA-4962-B56F-D720A96FFE3F}.Release|Any CPU.Build.0 = Release|Any CPU
		{21B4C0CB-EAC4-4ECF-AA05-04AE7965AE59}.Debug|Any CPU.ActiveCfg = Debug|Any CPU
		{21B4C0CB-EAC4-4ECF-AA05-04AE7965AE59}.Debug|Any CPU.Build.0 = Debug|Any CPU
		{21B4C0CB-EAC4-4ECF-AA05-04AE7965AE59}.Release|Any CPU.ActiveCfg = Release|Any CPU
		{21B4C0CB-EAC4-4ECF-AA05-04AE7965AE59}.Release|Any CPU.Build.0 = Release|Any CPU
	EndGlobalSection
	GlobalSection(SolutionProperties) = preSolution
		HideSolutionNode = FALSE
	EndGlobalSection
	GlobalSection(ExtensibilityGlobals) = postSolution
		SolutionGuid = {69C32B8C-0D04-49B7-A125-4C8B33F04461}
	EndGlobalSection
EndGlobal
